
Microsoft Visual Studio Solution File, Format Version 12.00
# Visual Studio Version 17
VisualStudioVersion = 17.8.34408.163
MinimumVisualStudioVersion = 10.0.40219.1
Project("{FAE04EC0-301F-11D3-BF4B-00C04F79EFBC}") = "BaiTap5_Array", "BaiTap5_Array\BaiTap5_Array.csproj", "{27F3C44B-4797-4E45-8D04-7BC09822B56D}"
EndProject
Global
	GlobalSection(SolutionConfigurationPlatforms) = preSolution
		Debug|Any CPU = Debug|Any CPU
		Release|Any CPU = Release|Any CPU
	EndGlobalSection
	GlobalSection(ProjectConfigurationPlatforms) = postSolution
		{27F3C44B-4797-4E45-8D04-7BC09822B56D}.Debug|Any CPU.ActiveCfg = Debug|Any CPU
		{27F3C44B-4797-4E45-8D04-7BC09822B56D}.Debug|Any CPU.Build.0 = Debug|Any CPU
		{27F3C44B-4797-4E45-8D04-7BC09822B56D}.Release|Any CPU.ActiveCfg = Release|Any CPU
		{27F3C44B-4797-4E45-8D04-7BC09822B56D}.Release|Any CPU.Build.0 = Release|Any CPU
	EndGlobalSection
	GlobalSection(SolutionProperties) = preSolution
		HideSolutionNode = FALSE
	EndGlobalSection
	GlobalSection(ExtensibilityGlobals) = postSolution
		SolutionGuid = {0EB62986-8B2E-4221-BCE6-AEAFFF5ACD79}
	EndGlobalSection
EndGlobal
